// !$*UTF8*$!
{
	archiveVersion = 1;
	classes = {
	};
	objectVersion = 55;
	objects = {

/* Begin PBXBuildFile section */
		8096694C2A459A0700258077 /* FeedView.swift in Sources */ = {isa = PBXBuildFile; fileRef = 8096694B2A459A0700258077 /* FeedView.swift */; };
		8096694E2A459A1900258077 /* FeedCell.swift in Sources */ = {isa = PBXBuildFile; fileRef = 8096694D2A459A1900258077 /* FeedCell.swift */; };
		809669502A45A3AF00258077 /* SearchView.swift in Sources */ = {isa = PBXBuildFile; fileRef = 8096694F2A45A3AF00258077 /* SearchView.swift */; };
		80F6670B2A446D1C00E5ED4E /* InstagramCloneApp.swift in Sources */ = {isa = PBXBuildFile; fileRef = 80F6670A2A446D1C00E5ED4E /* InstagramCloneApp.swift */; };
		80F6670D2A446D1C00E5ED4E /* ContentView.swift in Sources */ = {isa = PBXBuildFile; fileRef = 80F6670C2A446D1C00E5ED4E /* ContentView.swift */; };
		80F6670F2A446D1D00E5ED4E /* Assets.xcassets in Resources */ = {isa = PBXBuildFile; fileRef = 80F6670E2A446D1D00E5ED4E /* Assets.xcassets */; };
		80F667122A446D1D00E5ED4E /* Preview Assets.xcassets in Resources */ = {isa = PBXBuildFile; fileRef = 80F667112A446D1D00E5ED4E /* Preview Assets.xcassets */; };
		80F667252A446F3C00E5ED4E /* MainTabView.swift in Sources */ = {isa = PBXBuildFile; fileRef = 80F667242A446F3C00E5ED4E /* MainTabView.swift */; };
		80F667272A44722000E5ED4E /* ProfileView.swift in Sources */ = {isa = PBXBuildFile; fileRef = 80F667262A44722000E5ED4E /* ProfileView.swift */; };
		80F6672A2A447FF200E5ED4E /* UserStatView.swift in Sources */ = {isa = PBXBuildFile; fileRef = 80F667292A447FF200E5ED4E /* UserStatView.swift */; };
		80F6672C2A4488EE00E5ED4E /* AvatarView.swift in Sources */ = {isa = PBXBuildFile; fileRef = 80F6672B2A4488EE00E5ED4E /* AvatarView.swift */; };
/* End PBXBuildFile section */

/* Begin PBXFileReference section */
		8096694B2A459A0700258077 /* FeedView.swift */ = {isa = PBXFileReference; lastKnownFileType = sourcecode.swift; path = FeedView.swift; sourceTree = "<group>"; };
		8096694D2A459A1900258077 /* FeedCell.swift */ = {isa = PBXFileReference; lastKnownFileType = sourcecode.swift; path = FeedCell.swift; sourceTree = "<group>"; };
		8096694F2A45A3AF00258077 /* SearchView.swift */ = {isa = PBXFileReference; lastKnownFileType = sourcecode.swift; path = SearchView.swift; sourceTree = "<group>"; };
		80F667072A446D1C00E5ED4E /* InstagramClone.app */ = {isa = PBXFileReference; explicitFileType = wrapper.application; includeInIndex = 0; path = InstagramClone.app; sourceTree = BUILT_PRODUCTS_DIR; };
		80F6670A2A446D1C00E5ED4E /* InstagramCloneApp.swift */ = {isa = PBXFileReference; lastKnownFileType = sourcecode.swift; path = InstagramCloneApp.swift; sourceTree = "<group>"; };
		80F6670C2A446D1C00E5ED4E /* ContentView.swift */ = {isa = PBXFileReference; lastKnownFileType = sourcecode.swift; path = ContentView.swift; sourceTree = "<group>"; };
		80F6670E2A446D1D00E5ED4E /* Assets.xcassets */ = {isa = PBXFileReference; lastKnownFileType = folder.assetcatalog; path = Assets.xcassets; sourceTree = "<group>"; };
		80F667112A446D1D00E5ED4E /* Preview Assets.xcassets */ = {isa = PBXFileReference; lastKnownFileType = folder.assetcatalog; path = "Preview Assets.xcassets"; sourceTree = "<group>"; };
		80F667242A446F3C00E5ED4E /* MainTabView.swift */ = {isa = PBXFileReference; lastKnownFileType = sourcecode.swift; path = MainTabView.swift; sourceTree = "<group>"; };
		80F667262A44722000E5ED4E /* ProfileView.swift */ = {isa = PBXFileReference; lastKnownFileType = sourcecode.swift; path = ProfileView.swift; sourceTree = "<group>"; };
		80F667292A447FF200E5ED4E /* UserStatView.swift */ = {isa = PBXFileReference; lastKnownFileType = sourcecode.swift; path = UserStatView.swift; sourceTree = "<group>"; };
		80F6672B2A4488EE00E5ED4E /* AvatarView.swift */ = {isa = PBXFileReference; lastKnownFileType = sourcecode.swift; path = AvatarView.swift; sourceTree = "<group>"; };
/* End PBXFileReference section */

/* Begin PBXFrameworksBuildPhase section */
		80F667042A446D1C00E5ED4E /* Frameworks */ = {
			isa = PBXFrameworksBuildPhase;
			buildActionMask = 2147483647;
			files = (
			);
			runOnlyForDeploymentPostprocessing = 0;
		};
/* End PBXFrameworksBuildPhase section */

/* Begin PBXGroup section */
		80F666FE2A446D1C00E5ED4E = {
			isa = PBXGroup;
			children = (
				80F667092A446D1C00E5ED4E /* InstagramClone */,
				80F667082A446D1C00E5ED4E /* Products */,
			);
			sourceTree = "<group>";
		};
		80F667082A446D1C00E5ED4E /* Products */ = {
			isa = PBXGroup;
			children = (
				80F667072A446D1C00E5ED4E /* InstagramClone.app */,
			);
			name = Products;
			sourceTree = "<group>";
		};
		80F667092A446D1C00E5ED4E /* InstagramClone */ = {
			isa = PBXGroup;
			children = (
				80F667182A446D5500E5ED4E /* App */,
				80F667192A446D6200E5ED4E /* Core */,
				80F6671C2A446D8B00E5ED4E /* Extensions */,
				80F6671B2A446D8100E5ED4E /* Model */,
				80F6671A2A446D7000E5ED4E /* Services */,
				80F6670C2A446D1C00E5ED4E /* ContentView.swift */,
				80F6670E2A446D1D00E5ED4E /* Assets.xcassets */,
				80F667102A446D1D00E5ED4E /* Preview Content */,
			);
			path = InstagramClone;
			sourceTree = "<group>";
		};
		80F667102A446D1D00E5ED4E /* Preview Content */ = {
			isa = PBXGroup;
			children = (
				80F667112A446D1D00E5ED4E /* Preview Assets.xcassets */,
			);
			path = "Preview Content";
			sourceTree = "<group>";
		};
		80F667182A446D5500E5ED4E /* App */ = {
			isa = PBXGroup;
			children = (
				80F6670A2A446D1C00E5ED4E /* InstagramCloneApp.swift */,
			);
			path = App;
			sourceTree = "<group>";
		};
		80F667192A446D6200E5ED4E /* Core */ = {
			isa = PBXGroup;
			children = (
				80F667232A446E0D00E5ED4E /* Authentication */,
				80F667282A447FC500E5ED4E /* Components */,
				80F667222A446E0600E5ED4E /* Feed */,
				80F667212A446DFA00E5ED4E /* Profile */,
				80F667202A446DF300E5ED4E /* Root */,
				80F6671F2A446DEB00E5ED4E /* Search */,
				80F6671E2A446DD700E5ED4E /* TabBar */,
				80F6671D2A446DC800E5ED4E /* UploadPost */,
			);
			path = Core;
			sourceTree = "<group>";
		};
		80F6671A2A446D7000E5ED4E /* Services */ = {
			isa = PBXGroup;
			children = (
			);
			path = Services;
			sourceTree = "<group>";
		};
		80F6671B2A446D8100E5ED4E /* Model */ = {
			isa = PBXGroup;
			children = (
			);
			path = Model;
			sourceTree = "<group>";
		};
		80F6671C2A446D8B00E5ED4E /* Extensions */ = {
			isa = PBXGroup;
			children = (
			);
			path = Extensions;
			sourceTree = "<group>";
		};
		80F6671D2A446DC800E5ED4E /* UploadPost */ = {
			isa = PBXGroup;
			children = (
			);
			path = UploadPost;
			sourceTree = "<group>";
		};
		80F6671E2A446DD700E5ED4E /* TabBar */ = {
			isa = PBXGroup;
			children = (
				80F667242A446F3C00E5ED4E /* MainTabView.swift */,
			);
			path = TabBar;
			sourceTree = "<group>";
		};
		80F6671F2A446DEB00E5ED4E /* Search */ = {
			isa = PBXGroup;
			children = (
				8096694F2A45A3AF00258077 /* SearchView.swift */,
			);
			path = Search;
			sourceTree = "<group>";
		};
		80F667202A446DF300E5ED4E /* Root */ = {
			isa = PBXGroup;
			children = (
			);
			path = Root;
			sourceTree = "<group>";
		};
		80F667212A446DFA00E5ED4E /* Profile */ = {
			isa = PBXGroup;
			children = (
				80F667262A44722000E5ED4E /* ProfileView.swift */,
			);
			path = Profile;
			sourceTree = "<group>";
		};
		80F667222A446E0600E5ED4E /* Feed */ = {
			isa = PBXGroup;
			children = (
				8096694D2A459A1900258077 /* FeedCell.swift */,
				8096694B2A459A0700258077 /* FeedView.swift */,
			);
			path = Feed;
			sourceTree = "<group>";
		};
		80F667232A446E0D00E5ED4E /* Authentication */ = {
			isa = PBXGroup;
			children = (
			);
			path = Authentication;
			sourceTree = "<group>";
		};
		80F667282A447FC500E5ED4E /* Components */ = {
			isa = PBXGroup;
			children = (
				80F6672B2A4488EE00E5ED4E /* AvatarView.swift */,
				80F667292A447FF200E5ED4E /* UserStatView.swift */,
			);
			path = Components;
			sourceTree = "<group>";
		};
/* End PBXGroup section */

/* Begin PBXNativeTarget section */
		80F667062A446D1C00E5ED4E /* InstagramClone */ = {
			isa = PBXNativeTarget;
			buildConfigurationList = 80F667152A446D1D00E5ED4E /* Build configuration list for PBXNativeTarget "InstagramClone" */;
			buildPhases = (
				80F667032A446D1C00E5ED4E /* Sources */,
				80F667042A446D1C00E5ED4E /* Frameworks */,
				80F667052A446D1C00E5ED4E /* Resources */,
			);
			buildRules = (
			);
			dependencies = (
			);
			name = InstagramClone;
			productName = InstagramClone;
			productReference = 80F667072A446D1C00E5ED4E /* InstagramClone.app */;
			productType = "com.apple.product-type.application";
		};
/* End PBXNativeTarget section */

/* Begin PBXProject section */
		80F666FF2A446D1C00E5ED4E /* Project object */ = {
			isa = PBXProject;
			attributes = {
				BuildIndependentTargetsInParallel = 1;
				LastSwiftUpdateCheck = 1340;
				LastUpgradeCheck = 1340;
				TargetAttributes = {
					80F667062A446D1C00E5ED4E = {
						CreatedOnToolsVersion = 13.4.1;
					};
				};
			};
			buildConfigurationList = 80F667022A446D1C00E5ED4E /* Build configuration list for PBXProject "InstagramClone" */;
			compatibilityVersion = "Xcode 13.0";
			developmentRegion = en;
			hasScannedForEncodings = 0;
			knownRegions = (
				en,
				Base,
			);
			mainGroup = 80F666FE2A446D1C00E5ED4E;
			productRefGroup = 80F667082A446D1C00E5ED4E /* Products */;
			projectDirPath = "";
			projectRoot = "";
			targets = (
				80F667062A446D1C00E5ED4E /* InstagramClone */,
			);
		};
/* End PBXProject section */

/* Begin PBXResourcesBuildPhase section */
		80F667052A446D1C00E5ED4E /* Resources */ = {
			isa = PBXResourcesBuildPhase;
			buildActionMask = 2147483647;
			files = (
				80F667122A446D1D00E5ED4E /* Preview Assets.xcassets in Resources */,
				80F6670F2A446D1D00E5ED4E /* Assets.xcassets in Resources */,
			);
			runOnlyForDeploymentPostprocessing = 0;
		};
/* End PBXResourcesBuildPhase section */

/* Begin PBXSourcesBuildPhase section */
		80F667032A446D1C00E5ED4E /* Sources */ = {
			isa = PBXSourcesBuildPhase;
			buildActionMask = 2147483647;
			files = (
				8096694C2A459A0700258077 /* FeedView.swift in Sources */,
				809669502A45A3AF00258077 /* SearchView.swift in Sources */,
				80F667272A44722000E5ED4E /* ProfileView.swift in Sources */,
				80F6672C2A4488EE00E5ED4E /* AvatarView.swift in Sources */,
				80F6670D2A446D1C00E5ED4E /* ContentView.swift in Sources */,
				80F6670B2A446D1C00E5ED4E /* InstagramCloneApp.swift in Sources */,
				8096694E2A459A1900258077 /* FeedCell.swift in Sources */,
				80F6672A2A447FF200E5ED4E /* UserStatView.swift in Sources */,
				80F667252A446F3C00E5ED4E /* MainTabView.swift in Sources */,
			);
			runOnlyForDeploymentPostprocessing = 0;
		};
/* End PBXSourcesBuildPhase section */

/* Begin XCBuildConfiguration section */
		80F667132A446D1D00E5ED4E /* Debug */ = {
			isa = XCBuildConfiguration;
			buildSettings = {
				ALWAYS_SEARCH_USER_PATHS = NO;
				CLANG_ANALYZER_NONNULL = YES;
				CLANG_ANALYZER_NUMBER_OBJECT_CONVERSION = YES_AGGRESSIVE;
				CLANG_CXX_LANGUAGE_STANDARD = "gnu++17";
				CLANG_ENABLE_MODULES = YES;
				CLANG_ENABLE_OBJC_ARC = YES;
				CLANG_ENABLE_OBJC_WEAK = YES;
				CLANG_WARN_BLOCK_CAPTURE_AUTORELEASING = YES;
				CLANG_WARN_BOOL_CONVERSION = YES;
				CLANG_WARN_COMMA = YES;
				CLANG_WARN_CONSTANT_CONVERSION = YES;
				CLANG_WARN_DEPRECATED_OBJC_IMPLEMENTATIONS = YES;
				CLANG_WARN_DIRECT_OBJC_ISA_USAGE = YES_ERROR;
				CLANG_WARN_DOCUMENTATION_COMMENTS = YES;
				CLANG_WARN_EMPTY_BODY = YES;
				CLANG_WARN_ENUM_CONVERSION = YES;
				CLANG_WARN_INFINITE_RECURSION = YES;
				CLANG_WARN_INT_CONVERSION = YES;
				CLANG_WARN_NON_LITERAL_NULL_CONVERSION = YES;
				CLANG_WARN_OBJC_IMPLICIT_RETAIN_SELF = YES;
				CLANG_WARN_OBJC_LITERAL_CONVERSION = YES;
				CLANG_WARN_OBJC_ROOT_CLASS = YES_ERROR;
				CLANG_WARN_QUOTED_INCLUDE_IN_FRAMEWORK_HEADER = YES;
				CLANG_WARN_RANGE_LOOP_ANALYSIS = YES;
				CLANG_WARN_STRICT_PROTOTYPES = YES;
				CLANG_WARN_SUSPICIOUS_MOVE = YES;
				CLANG_WARN_UNGUARDED_AVAILABILITY = YES_AGGRESSIVE;
				CLANG_WARN_UNREACHABLE_CODE = YES;
				CLANG_WARN__DUPLICATE_METHOD_MATCH = YES;
				COPY_PHASE_STRIP = NO;
				DEBUG_INFORMATION_FORMAT = dwarf;
				ENABLE_STRICT_OBJC_MSGSEND = YES;
				ENABLE_TESTABILITY = YES;
				GCC_C_LANGUAGE_STANDARD = gnu11;
				GCC_DYNAMIC_NO_PIC = NO;
				GCC_NO_COMMON_BLOCKS = YES;
				GCC_OPTIMIZATION_LEVEL = 0;
				GCC_PREPROCESSOR_DEFINITIONS = (
					"DEBUG=1",
					"$(inherited)",
				);
				GCC_WARN_64_TO_32_BIT_CONVERSION = YES;
				GCC_WARN_ABOUT_RETURN_TYPE = YES_ERROR;
				GCC_WARN_UNDECLARED_SELECTOR = YES;
				GCC_WARN_UNINITIALIZED_AUTOS = YES_AGGRESSIVE;
				GCC_WARN_UNUSED_FUNCTION = YES;
				GCC_WARN_UNUSED_VARIABLE = YES;
				IPHONEOS_DEPLOYMENT_TARGET = 15.5;
				MTL_ENABLE_DEBUG_INFO = INCLUDE_SOURCE;
				MTL_FAST_MATH = YES;
				ONLY_ACTIVE_ARCH = YES;
				SDKROOT = iphoneos;
				SWIFT_ACTIVE_COMPILATION_CONDITIONS = DEBUG;
				SWIFT_OPTIMIZATION_LEVEL = "-Onone";
			};
			name = Debug;
		};
		80F667142A446D1D00E5ED4E /* Release */ = {
			isa = XCBuildConfiguration;
			buildSettings = {
				ALWAYS_SEARCH_USER_PATHS = NO;
				CLANG_ANALYZER_NONNULL = YES;
				CLANG_ANALYZER_NUMBER_OBJECT_CONVERSION = YES_AGGRESSIVE;
				CLANG_CXX_LANGUAGE_STANDARD = "gnu++17";
				CLANG_ENABLE_MODULES = YES;
				CLANG_ENABLE_OBJC_ARC = YES;
				CLANG_ENABLE_OBJC_WEAK = YES;
				CLANG_WARN_BLOCK_CAPTURE_AUTORELEASING = YES;
				CLANG_WARN_BOOL_CONVERSION = YES;
				CLANG_WARN_COMMA = YES;
				CLANG_WARN_CONSTANT_CONVERSION = YES;
				CLANG_WARN_DEPRECATED_OBJC_IMPLEMENTATIONS = YES;
				CLANG_WARN_DIRECT_OBJC_ISA_USAGE = YES_ERROR;
				CLANG_WARN_DOCUMENTATION_COMMENTS = YES;
				CLANG_WARN_EMPTY_BODY = YES;
				CLANG_WARN_ENUM_CONVERSION = YES;
				CLANG_WARN_INFINITE_RECURSION = YES;
				CLANG_WARN_INT_CONVERSION = YES;
				CLANG_WARN_NON_LITERAL_NULL_CONVERSION = YES;
				CLANG_WARN_OBJC_IMPLICIT_RETAIN_SELF = YES;
				CLANG_WARN_OBJC_LITERAL_CONVERSION = YES;
				CLANG_WARN_OBJC_ROOT_CLASS = YES_ERROR;
				CLANG_WARN_QUOTED_INCLUDE_IN_FRAMEWORK_HEADER = YES;
				CLANG_WARN_RANGE_LOOP_ANALYSIS = YES;
				CLANG_WARN_STRICT_PROTOTYPES = YES;
				CLANG_WARN_SUSPICIOUS_MOVE = YES;
				CLANG_WARN_UNGUARDED_AVAILABILITY = YES_AGGRESSIVE;
				CLANG_WARN_UNREACHABLE_CODE = YES;
				CLANG_WARN__DUPLICATE_METHOD_MATCH = YES;
				COPY_PHASE_STRIP = NO;
				DEBUG_INFORMATION_FORMAT = "dwarf-with-dsym";
				ENABLE_NS_ASSERTIONS = NO;
				ENABLE_STRICT_OBJC_MSGSEND = YES;
				GCC_C_LANGUAGE_STANDARD = gnu11;
				GCC_NO_COMMON_BLOCKS = YES;
				GCC_WARN_64_TO_32_BIT_CONVERSION = YES;
				GCC_WARN_ABOUT_RETURN_TYPE = YES_ERROR;
				GCC_WARN_UNDECLARED_SELECTOR = YES;
				GCC_WARN_UNINITIALIZED_AUTOS = YES_AGGRESSIVE;
				GCC_WARN_UNUSED_FUNCTION = YES;
				GCC_WARN_UNUSED_VARIABLE = YES;
				IPHONEOS_DEPLOYMENT_TARGET = 15.5;
				MTL_ENABLE_DEBUG_INFO = NO;
				MTL_FAST_MATH = YES;
				SDKROOT = iphoneos;
				SWIFT_COMPILATION_MODE = wholemodule;
				SWIFT_OPTIMIZATION_LEVEL = "-O";
				VALIDATE_PRODUCT = YES;
			};
			name = Release;
		};
		80F667162A446D1D00E5ED4E /* Debug */ = {
			isa = XCBuildConfiguration;
			buildSettings = {
				ASSETCATALOG_COMPILER_APPICON_NAME = AppIcon;
				ASSETCATALOG_COMPILER_GLOBAL_ACCENT_COLOR_NAME = AccentColor;
				CODE_SIGN_STYLE = Automatic;
				CURRENT_PROJECT_VERSION = 1;
				DEVELOPMENT_ASSET_PATHS = "\"InstagramClone/Preview Content\"";
				DEVELOPMENT_TEAM = 96KCMHD6H4;
				ENABLE_PREVIEWS = YES;
				GENERATE_INFOPLIST_FILE = YES;
				INFOPLIST_KEY_UIApplicationSceneManifest_Generation = YES;
				INFOPLIST_KEY_UIApplicationSupportsIndirectInputEvents = YES;
				INFOPLIST_KEY_UILaunchScreen_Generation = YES;
				INFOPLIST_KEY_UISupportedInterfaceOrientations_iPad = "UIInterfaceOrientationPortrait UIInterfaceOrientationPortraitUpsideDown UIInterfaceOrientationLandscapeLeft UIInterfaceOrientationLandscapeRight";
				INFOPLIST_KEY_UISupportedInterfaceOrientations_iPhone = "UIInterfaceOrientationPortrait UIInterfaceOrientationLandscapeLeft UIInterfaceOrientationLandscapeRight";
				LD_RUNPATH_SEARCH_PATHS = (
					"$(inherited)",
					"@executable_path/Frameworks",
				);
				MARKETING_VERSION = 1.0;
				PRODUCT_BUNDLE_IDENTIFIER = com.maahi.InstagramClone;
				PRODUCT_NAME = "$(TARGET_NAME)";
				SWIFT_EMIT_LOC_STRINGS = YES;
				SWIFT_VERSION = 5.0;
				TARGETED_DEVICE_FAMILY = "1,2";
			};
			name = Debug;
		};
		80F667172A446D1D00E5ED4E /* Release */ = {
			isa = XCBuildConfiguration;
			buildSettings = {
				ASSETCATALOG_COMPILER_APPICON_NAME = AppIcon;
				ASSETCATALOG_COMPILER_GLOBAL_ACCENT_COLOR_NAME = AccentColor;
				CODE_SIGN_STYLE = Automatic;
				CURRENT_PROJECT_VERSION = 1;
				DEVELOPMENT_ASSET_PATHS = "\"InstagramClone/Preview Content\"";
				DEVELOPMENT_TEAM = 96KCMHD6H4;
				ENABLE_PREVIEWS = YES;
				GENERATE_INFOPLIST_FILE = YES;
				INFOPLIST_KEY_UIApplicationSceneManifest_Generation = YES;
				INFOPLIST_KEY_UIApplicationSupportsIndirectInputEvents = YES;
				INFOPLIST_KEY_UILaunchScreen_Generation = YES;
				INFOPLIST_KEY_UISupportedInterfaceOrientations_iPad = "UIInterfaceOrientationPortrait UIInterfaceOrientationPortraitUpsideDown UIInterfaceOrientationLandscapeLeft UIInterfaceOrientationLandscapeRight";
				INFOPLIST_KEY_UISupportedInterfaceOrientations_iPhone = "UIInterfaceOrientationPortrait UIInterfaceOrientationLandscapeLeft UIInterfaceOrientationLandscapeRight";
				LD_RUNPATH_SEARCH_PATHS = (
					"$(inherited)",
					"@executable_path/Frameworks",
				);
				MARKETING_VERSION = 1.0;
				PRODUCT_BUNDLE_IDENTIFIER = com.maahi.InstagramClone;
				PRODUCT_NAME = "$(TARGET_NAME)";
				SWIFT_EMIT_LOC_STRINGS = YES;
				SWIFT_VERSION = 5.0;
				TARGETED_DEVICE_FAMILY = "1,2";
			};
			name = Release;
		};
/* End XCBuildConfiguration section */

/* Begin XCConfigurationList section */
		80F667022A446D1C00E5ED4E /* Build configuration list for PBXProject "InstagramClone" */ = {
			isa = XCConfigurationList;
			buildConfigurations = (
				80F667132A446D1D00E5ED4E /* Debug */,
				80F667142A446D1D00E5ED4E /* Release */,
			);
			defaultConfigurationIsVisible = 0;
			defaultConfigurationName = Release;
		};
		80F667152A446D1D00E5ED4E /* Build configuration list for PBXNativeTarget "InstagramClone" */ = {
			isa = XCConfigurationList;
			buildConfigurations = (
				80F667162A446D1D00E5ED4E /* Debug */,
				80F667172A446D1D00E5ED4E /* Release */,
			);
			defaultConfigurationIsVisible = 0;
			defaultConfigurationName = Release;
		};
/* End XCConfigurationList section */
	};
	rootObject = 80F666FF2A446D1C00E5ED4E /* Project object */;
}
